
Microsoft Visual Studio Solution File, Format Version 12.00
# Visual Studio 14
VisualStudioVersion = 14.0.23107.0
MinimumVisualStudioVersion = 10.0.40219.1
Project("{FAE04EC0-301F-11D3-BF4B-00C04F79EFBC}") = "Classwork_3.1", "Classwork_3.1\Classwork_3.1.csproj", "{A5D394F1-6D04-4D53-85EE-04FC82C43C92}"
EndProject
Project("{FAE04EC0-301F-11D3-BF4B-00C04F79EFBC}") = "Homework_3.1", "Homework_3.1\Homework_3.1.csproj", "{7F23B7F9-2CB0-4C47-BCED-24AE4AA55551}"
EndProject
Project("{FAE04EC0-301F-11D3-BF4B-00C04F79EFBC}") = "Homework_3.2", "Homework_3.2\Homework_3.2.csproj", "{E696B8FA-1BB1-4146-BE88-C183B29BAAA9}"
EndProject
Global
	GlobalSection(SolutionConfigurationPlatforms) = preSolution
		Debug|Any CPU = Debug|Any CPU
		Release|Any CPU = Release|Any CPU
	EndGlobalSection
	GlobalSection(ProjectConfigurationPlatforms) = postSolution
		{A5D394F1-6D04-4D53-85EE-04FC82C43C92}.Debug|Any CPU.ActiveCfg = Debug|Any CPU
		{A5D394F1-6D04-4D53-85EE-04FC82C43C92}.Debug|Any CPU.Build.0 = Debug|Any CPU
		{A5D394F1-6D04-4D53-85EE-04FC82C43C92}.Release|Any CPU.ActiveCfg = Release|Any CPU
		{A5D394F1-6D04-4D53-85EE-04FC82C43C92}.Release|Any CPU.Build.0 = Release|Any CPU
		{7F23B7F9-2CB0-4C47-BCED-24AE4AA55551}.Debug|Any CPU.ActiveCfg = Debug|Any CPU
		{7F23B7F9-2CB0-4C47-BCED-24AE4AA55551}.Debug|Any CPU.Build.0 = Debug|Any CPU
		{7F23B7F9-2CB0-4C47-BCED-24AE4AA55551}.Release|Any CPU.ActiveCfg = Release|Any CPU
		{7F23B7F9-2CB0-4C47-BCED-24AE4AA55551}.Release|Any CPU.Build.0 = Release|Any CPU
		{E696B8FA-1BB1-4146-BE88-C183B29BAAA9}.Debug|Any CPU.ActiveCfg = Debug|Any CPU
		{E696B8FA-1BB1-4146-BE88-C183B29BAAA9}.Debug|Any CPU.Build.0 = Debug|Any CPU
		{E696B8FA-1BB1-4146-BE88-C183B29BAAA9}.Release|Any CPU.ActiveCfg = Release|Any CPU
		{E696B8FA-1BB1-4146-BE88-C183B29BAAA9}.Release|Any CPU.Build.0 = Release|Any CPU
	EndGlobalSection
	GlobalSection(SolutionProperties) = preSolution
		HideSolutionNode = FALSE
	EndGlobalSection
EndGlobal
